
Microsoft Visual Studio Solution File, Format Version 12.00
# Visual Studio Version 17
VisualStudioVersion = 17.0.31919.166
MinimumVisualStudioVersion = 10.0.40219.1
Project("{FAE04EC0-301F-11D3-BF4B-00C04F79EFBC}") = "Test", "Test\Test.csproj", "{677C11F3-BDA4-48FB-912C-952F50D0E8B2}"
EndProject
Global
	GlobalSection(SolutionConfigurationPlatforms) = preSolution
		Debug|Any CPU = Debug|Any CPU
		Release|Any CPU = Release|Any CPU
	EndGlobalSection
	GlobalSection(ProjectConfigurationPlatforms) = postSolution
		{677C11F3-BDA4-48FB-912C-952F50D0E8B2}.Debug|Any CPU.ActiveCfg = Debug|Any CPU
		{677C11F3-BDA4-48FB-912C-952F50D0E8B2}.Debug|Any CPU.Build.0 = Debug|Any CPU
		{677C11F3-BDA4-48FB-912C-952F50D0E8B2}.Release|Any CPU.ActiveCfg = Release|Any CPU
		{677C11F3-BDA4-48FB-912C-952F50D0E8B2}.Release|Any CPU.Build.0 = Release|Any CPU
	EndGlobalSection
	GlobalSection(SolutionProperties) = preSolution
		HideSolutionNode = FALSE
	EndGlobalSection
	GlobalSection(ExtensibilityGlobals) = postSolution
		SolutionGuid = {08166C59-AF35-43C1-AF78-69B645B2F3B5}
	EndGlobalSection
EndGlobal
