
Microsoft Visual Studio Solution File, Format Version 12.00
# Visual Studio Version 17
VisualStudioVersion = 17.0.31919.166
MinimumVisualStudioVersion = 10.0.40219.1
Project("{9A19103F-16F7-4668-BE54-9A1E7A4F7556}") = "Test.Entities", "Test.Entities\Test.Entities.csproj", "{1F7A2128-9F64-497D-AC76-9CD48CD10CFF}"
EndProject
Project("{9A19103F-16F7-4668-BE54-9A1E7A4F7556}") = "Test.Application", "Test.Application\Test.Application.csproj", "{3E63C2D7-F74C-48E5-83CB-7A2153FC822D}"
EndProject
Project("{9A19103F-16F7-4668-BE54-9A1E7A4F7556}") = "Test.Infrastructure", "Test.Infrastructure\Test.Infrastructure.csproj", "{DF53AD40-03E6-4BEB-BFAF-76A55C82578F}"
EndProject
Project("{FAE04EC0-301F-11D3-BF4B-00C04F79EFBC}") = "Test.Api", "Test.Api\Test.Api.csproj", "{F6FBA7E0-A24C-46CA-B27D-CF56996EA361}"
EndProject
Global
	GlobalSection(SolutionConfigurationPlatforms) = preSolution
		Debug|Any CPU = Debug|Any CPU
		Release|Any CPU = Release|Any CPU
	EndGlobalSection
	GlobalSection(ProjectConfigurationPlatforms) = postSolution
		{1F7A2128-9F64-497D-AC76-9CD48CD10CFF}.Debug|Any CPU.ActiveCfg = Debug|Any CPU
		{1F7A2128-9F64-497D-AC76-9CD48CD10CFF}.Debug|Any CPU.Build.0 = Debug|Any CPU
		{1F7A2128-9F64-497D-AC76-9CD48CD10CFF}.Release|Any CPU.ActiveCfg = Release|Any CPU
		{1F7A2128-9F64-497D-AC76-9CD48CD10CFF}.Release|Any CPU.Build.0 = Release|Any CPU
		{3E63C2D7-F74C-48E5-83CB-7A2153FC822D}.Debug|Any CPU.ActiveCfg = Debug|Any CPU
		{3E63C2D7-F74C-48E5-83CB-7A2153FC822D}.Debug|Any CPU.Build.0 = Debug|Any CPU
		{3E63C2D7-F74C-48E5-83CB-7A2153FC822D}.Release|Any CPU.ActiveCfg = Release|Any CPU
		{3E63C2D7-F74C-48E5-83CB-7A2153FC822D}.Release|Any CPU.Build.0 = Release|Any CPU
		{DF53AD40-03E6-4BEB-BFAF-76A55C82578F}.Debug|Any CPU.ActiveCfg = Debug|Any CPU
		{DF53AD40-03E6-4BEB-BFAF-76A55C82578F}.Debug|Any CPU.Build.0 = Debug|Any CPU
		{DF53AD40-03E6-4BEB-BFAF-76A55C82578F}.Release|Any CPU.ActiveCfg = Release|Any CPU
		{DF53AD40-03E6-4BEB-BFAF-76A55C82578F}.Release|Any CPU.Build.0 = Release|Any CPU
		{F6FBA7E0-A24C-46CA-B27D-CF56996EA361}.Debug|Any CPU.ActiveCfg = Debug|Any CPU
		{F6FBA7E0-A24C-46CA-B27D-CF56996EA361}.Debug|Any CPU.Build.0 = Debug|Any CPU
		{F6FBA7E0-A24C-46CA-B27D-CF56996EA361}.Release|Any CPU.ActiveCfg = Release|Any CPU
		{F6FBA7E0-A24C-46CA-B27D-CF56996EA361}.Release|Any CPU.Build.0 = Release|Any CPU
	EndGlobalSection
	GlobalSection(SolutionProperties) = preSolution
		HideSolutionNode = FALSE
	EndGlobalSection
	GlobalSection(ExtensibilityGlobals) = postSolution
		SolutionGuid = {08166C59-AF35-43C1-AF78-69B645B2F3B5}
	EndGlobalSection
EndGlobal
